
Microsoft Visual Studio Solution File, Format Version 12.00
Project("{FAE04EC0-301F-11D3-BF4B-00C04F79EFBC}") = "QR-Ganize-Lib", "QR-Ganize-Lib\QR-Ganize-Lib.csproj", "{F5FCCAEF-037B-4EAB-AD89-5774FF146455}"
EndProject
Project("{FAE04EC0-301F-11D3-BF4B-00C04F79EFBC}") = "QR-Ganize-API", "QR-Ganize-API\QR-Ganize-API.csproj", "{9C127BE8-A99E-4A80-A7DB-509C12642045}"
EndProject
Project("{FAE04EC0-301F-11D3-BF4B-00C04F79EFBC}") = "QR-Ganize-Server", "QR-Ganize-Server\QR-Ganize-Server.csproj", "{B319CC49-0311-47FD-84B6-75F47CC3AFE7}"
EndProject
Global
	GlobalSection(SolutionConfigurationPlatforms) = preSolution
		Debug|Any CPU = Debug|Any CPU
		Release|Any CPU = Release|Any CPU
	EndGlobalSection
	GlobalSection(ProjectConfigurationPlatforms) = postSolution
		{F5FCCAEF-037B-4EAB-AD89-5774FF146455}.Debug|Any CPU.ActiveCfg = Debug|Any CPU
		{F5FCCAEF-037B-4EAB-AD89-5774FF146455}.Debug|Any CPU.Build.0 = Debug|Any CPU
		{F5FCCAEF-037B-4EAB-AD89-5774FF146455}.Release|Any CPU.ActiveCfg = Release|Any CPU
		{F5FCCAEF-037B-4EAB-AD89-5774FF146455}.Release|Any CPU.Build.0 = Release|Any CPU
		{9C127BE8-A99E-4A80-A7DB-509C12642045}.Debug|Any CPU.ActiveCfg = Debug|Any CPU
		{9C127BE8-A99E-4A80-A7DB-509C12642045}.Debug|Any CPU.Build.0 = Debug|Any CPU
		{9C127BE8-A99E-4A80-A7DB-509C12642045}.Release|Any CPU.ActiveCfg = Release|Any CPU
		{9C127BE8-A99E-4A80-A7DB-509C12642045}.Release|Any CPU.Build.0 = Release|Any CPU
		{B319CC49-0311-47FD-84B6-75F47CC3AFE7}.Debug|Any CPU.ActiveCfg = Debug|Any CPU
		{B319CC49-0311-47FD-84B6-75F47CC3AFE7}.Debug|Any CPU.Build.0 = Debug|Any CPU
		{B319CC49-0311-47FD-84B6-75F47CC3AFE7}.Release|Any CPU.ActiveCfg = Release|Any CPU
		{B319CC49-0311-47FD-84B6-75F47CC3AFE7}.Release|Any CPU.Build.0 = Release|Any CPU
	EndGlobalSection
EndGlobal
